
Microsoft Visual Studio Solution File, Format Version 12.00
# Visual Studio Version 17
VisualStudioVersion = 17.14.36121.58 d17.14
MinimumVisualStudioVersion = 10.0.40219.1
Project("{FAE04EC0-301F-11D3-BF4B-00C04F79EFBC}") = "WindowsForms-misc-1", "WindowsForms-misc-1.csproj", "{4454B92D-F900-4352-87BD-D4E22BBC19E3}"
EndProject
Global
	GlobalSection(SolutionConfigurationPlatforms) = preSolution
		Debug|Any CPU = Debug|Any CPU
		Release|Any CPU = Release|Any CPU
	EndGlobalSection
	GlobalSection(ProjectConfigurationPlatforms) = postSolution
		{4454B92D-F900-4352-87BD-D4E22BBC19E3}.Debug|Any CPU.ActiveCfg = Debug|Any CPU
		{4454B92D-F900-4352-87BD-D4E22BBC19E3}.Debug|Any CPU.Build.0 = Debug|Any CPU
		{4454B92D-F900-4352-87BD-D4E22BBC19E3}.Release|Any CPU.ActiveCfg = Release|Any CPU
		{4454B92D-F900-4352-87BD-D4E22BBC19E3}.Release|Any CPU.Build.0 = Release|Any CPU
	EndGlobalSection
	GlobalSection(SolutionProperties) = preSolution
		HideSolutionNode = FALSE
	EndGlobalSection
	GlobalSection(ExtensibilityGlobals) = postSolution
		SolutionGuid = {47F5CCA1-B68F-4971-AC49-87D3A0AF25B6}
	EndGlobalSection
EndGlobal
