
Microsoft Visual Studio Solution File, Format Version 12.00
# Visual Studio Version 17
VisualStudioVersion = 17.14.36121.58 d17.14
MinimumVisualStudioVersion = 10.0.40219.1
Project("{FAE04EC0-301F-11D3-BF4B-00C04F79EFBC}") = "WindowsForms-misc-2", "WindowsForms-misc-2.csproj", "{1D434D3F-3E26-4DE4-8F5D-FBB4713C2AC4}"
EndProject
Global
	GlobalSection(SolutionConfigurationPlatforms) = preSolution
		Debug|Any CPU = Debug|Any CPU
		Release|Any CPU = Release|Any CPU
	EndGlobalSection
	GlobalSection(ProjectConfigurationPlatforms) = postSolution
		{1D434D3F-3E26-4DE4-8F5D-FBB4713C2AC4}.Debug|Any CPU.ActiveCfg = Debug|Any CPU
		{1D434D3F-3E26-4DE4-8F5D-FBB4713C2AC4}.Debug|Any CPU.Build.0 = Debug|Any CPU
		{1D434D3F-3E26-4DE4-8F5D-FBB4713C2AC4}.Release|Any CPU.ActiveCfg = Release|Any CPU
		{1D434D3F-3E26-4DE4-8F5D-FBB4713C2AC4}.Release|Any CPU.Build.0 = Release|Any CPU
	EndGlobalSection
	GlobalSection(SolutionProperties) = preSolution
		HideSolutionNode = FALSE
	EndGlobalSection
	GlobalSection(ExtensibilityGlobals) = postSolution
		SolutionGuid = {C2F2B645-BD48-40E9-BF79-B5CBA31AB442}
	EndGlobalSection
EndGlobal
