
Microsoft Visual Studio Solution File, Format Version 12.00
# Visual Studio Version 17
VisualStudioVersion = 17.14.36121.58 d17.14
MinimumVisualStudioVersion = 10.0.40219.1
Project("{FAE04EC0-301F-11D3-BF4B-00C04F79EFBC}") = "DVLD", "DVLD.csproj", "{2FB5B95D-420D-484B-8E44-8FC2FFA0445F}"
EndProject
Project("{FAE04EC0-301F-11D3-BF4B-00C04F79EFBC}") = "DVLD_Business", "..\DVLD_Business\DVLD_Business.csproj", "{CF0A7A87-1C3E-4999-9BC0-32325E5B3571}"
EndProject
Project("{FAE04EC0-301F-11D3-BF4B-00C04F79EFBC}") = "DVLD_DataAccess", "..\DVLD_DataAccess\DVLD_DataAccess.csproj", "{1CF3BFFF-645A-4F71-BDDA-7BD1C2AF95AB}"
EndProject
Global
	GlobalSection(SolutionConfigurationPlatforms) = preSolution
		Debug|Any CPU = Debug|Any CPU
		Release|Any CPU = Release|Any CPU
	EndGlobalSection
	GlobalSection(ProjectConfigurationPlatforms) = postSolution
		{2FB5B95D-420D-484B-8E44-8FC2FFA0445F}.Debug|Any CPU.ActiveCfg = Debug|Any CPU
		{2FB5B95D-420D-484B-8E44-8FC2FFA0445F}.Debug|Any CPU.Build.0 = Debug|Any CPU
		{2FB5B95D-420D-484B-8E44-8FC2FFA0445F}.Release|Any CPU.ActiveCfg = Release|Any CPU
		{2FB5B95D-420D-484B-8E44-8FC2FFA0445F}.Release|Any CPU.Build.0 = Release|Any CPU
		{CF0A7A87-1C3E-4999-9BC0-32325E5B3571}.Debug|Any CPU.ActiveCfg = Debug|Any CPU
		{CF0A7A87-1C3E-4999-9BC0-32325E5B3571}.Debug|Any CPU.Build.0 = Debug|Any CPU
		{CF0A7A87-1C3E-4999-9BC0-32325E5B3571}.Release|Any CPU.ActiveCfg = Release|Any CPU
		{CF0A7A87-1C3E-4999-9BC0-32325E5B3571}.Release|Any CPU.Build.0 = Release|Any CPU
		{1CF3BFFF-645A-4F71-BDDA-7BD1C2AF95AB}.Debug|Any CPU.ActiveCfg = Debug|Any CPU
		{1CF3BFFF-645A-4F71-BDDA-7BD1C2AF95AB}.Debug|Any CPU.Build.0 = Debug|Any CPU
		{1CF3BFFF-645A-4F71-BDDA-7BD1C2AF95AB}.Release|Any CPU.ActiveCfg = Release|Any CPU
		{1CF3BFFF-645A-4F71-BDDA-7BD1C2AF95AB}.Release|Any CPU.Build.0 = Release|Any CPU
	EndGlobalSection
	GlobalSection(SolutionProperties) = preSolution
		HideSolutionNode = FALSE
	EndGlobalSection
	GlobalSection(ExtensibilityGlobals) = postSolution
		SolutionGuid = {E7F337E2-0469-40EF-BD08-7773C651AF1B}
	EndGlobalSection
EndGlobal
