
Microsoft Visual Studio Solution File, Format Version 12.00
# Visual Studio Version 17
VisualStudioVersion = 17.14.36121.58 d17.14
MinimumVisualStudioVersion = 10.0.40219.1
Project("{FAE04EC0-301F-11D3-BF4B-00C04F79EFBC}") = "MyFirstWindowsForm", "MyFirstWindowsForm.csproj", "{C8403696-18B7-43D3-BD35-CB01ED791E20}"
EndProject
Global
	GlobalSection(SolutionConfigurationPlatforms) = preSolution
		Debug|Any CPU = Debug|Any CPU
		Release|Any CPU = Release|Any CPU
	EndGlobalSection
	GlobalSection(ProjectConfigurationPlatforms) = postSolution
		{C8403696-18B7-43D3-BD35-CB01ED791E20}.Debug|Any CPU.ActiveCfg = Debug|Any CPU
		{C8403696-18B7-43D3-BD35-CB01ED791E20}.Debug|Any CPU.Build.0 = Debug|Any CPU
		{C8403696-18B7-43D3-BD35-CB01ED791E20}.Release|Any CPU.ActiveCfg = Release|Any CPU
		{C8403696-18B7-43D3-BD35-CB01ED791E20}.Release|Any CPU.Build.0 = Release|Any CPU
	EndGlobalSection
	GlobalSection(SolutionProperties) = preSolution
		HideSolutionNode = FALSE
	EndGlobalSection
	GlobalSection(ExtensibilityGlobals) = postSolution
		SolutionGuid = {7AA26CDA-1B72-48EA-B0A3-AF18BF4206D2}
	EndGlobalSection
EndGlobal
